
Microsoft Visual Studio Solution File, Format Version 12.00
# Visual Studio 15
Project("{FAE04EC0-301F-11D3-BF4B-00C04F79EFBC}") = "virtual-immersive-sound-template", "virtual-immersive-sound-template.csproj", "{4F7F8264-A177-A7BF-C401-BC0210EC44D4}"
EndProject
Project("{FAE04EC0-301F-11D3-BF4B-00C04F79EFBC}") = "virtual-immersive-sound-template.Editor", "virtual-immersive-sound-template.Editor.csproj", "{4CEC6830-9E1F-FF7B-D3BF-44BE08D09805}"
EndProject
Global
	GlobalSection(SolutionConfigurationPlatforms) = preSolution
		Debug|Any CPU = Debug|Any CPU
		Release|Any CPU = Release|Any CPU
	EndGlobalSection
	GlobalSection(ProjectConfigurationPlatforms) = postSolution
		{4F7F8264-A177-A7BF-C401-BC0210EC44D4}.Debug|Any CPU.ActiveCfg = Debug|Any CPU
		{4F7F8264-A177-A7BF-C401-BC0210EC44D4}.Debug|Any CPU.Build.0 = Debug|Any CPU
		{4F7F8264-A177-A7BF-C401-BC0210EC44D4}.Release|Any CPU.ActiveCfg = Release|Any CPU
		{4F7F8264-A177-A7BF-C401-BC0210EC44D4}.Release|Any CPU.Build.0 = Release|Any CPU
		{4CEC6830-9E1F-FF7B-D3BF-44BE08D09805}.Debug|Any CPU.ActiveCfg = Debug|Any CPU
		{4CEC6830-9E1F-FF7B-D3BF-44BE08D09805}.Debug|Any CPU.Build.0 = Debug|Any CPU
		{4CEC6830-9E1F-FF7B-D3BF-44BE08D09805}.Release|Any CPU.ActiveCfg = Release|Any CPU
		{4CEC6830-9E1F-FF7B-D3BF-44BE08D09805}.Release|Any CPU.Build.0 = Release|Any CPU
	EndGlobalSection
	GlobalSection(SolutionProperties) = preSolution
		HideSolutionNode = FALSE
	EndGlobalSection
EndGlobal
